{
  "name": "quest-dist-sys-eng-java-apprentice",
  "version": "0.9.0",
  "lockfileVersion": 1,
  "requires": true,
  "dependencies": {
    "canonical-path": {
      "version": "0.0.2",
      "resolved": "https://registry.npmjs.org/canonical-path/-/canonical-path-0.0.2.tgz",
      "integrity": "sha1-4x65N6jJPuKgHfGDl5RyGQKHRXQ="
    },
    "debug": {
      "version": "2.6.8",
      "resolved": "https://registry.npmjs.org/debug/-/debug-2.6.8.tgz",
      "integrity": "sha1-5zFTHKLt4n0YgiJCfaF4IdaP9Pw=",
      "requires": {
        "ms": "2.0.0"
      }
    },
    "doc-publisher": {
      "version": "0.1.16",
      "resolved": "https://registry.npmjs.org/doc-publisher/-/doc-publisher-0.1.16.tgz",
      "integrity": "sha512-WaZCq1kS548ZBLBEY3klyG4qZK+meskt5U7GoRMstI1VaDxYrXKHXhjUsyVySkISULq+F6TgtEMWtp++FB/42g==",
      "requires": {
        "fs-extra": "3.0.1",
        "get-module-file": "0.1.0"
      }
    },
    "fs-extra": {
      "version": "3.0.1",
      "resolved": "https://registry.npmjs.org/fs-extra/-/fs-extra-3.0.1.tgz",
      "integrity": "sha1-N5TzeMWLNC6n27sjCVEJxLO2IpE=",
      "requires": {
        "graceful-fs": "4.1.11",
        "jsonfile": "3.0.1",
        "universalify": "0.1.1"
      }
    },
    "get-module-file": {
      "version": "0.1.0",
      "resolved": "https://registry.npmjs.org/get-module-file/-/get-module-file-0.1.0.tgz",
      "integrity": "sha1-XpJVUhstdgG38FXSf0wT07rtpxs=",
      "requires": {
        "canonical-path": "0.0.2",
        "debug": "2.6.8"
      }
    },
    "graceful-fs": {
      "version": "4.1.11",
      "resolved": "https://registry.npmjs.org/graceful-fs/-/graceful-fs-4.1.11.tgz",
      "integrity": "sha1-Dovf5NHduIVNZOBOp8AOKgJuVlg="
    },
    "jsonfile": {
      "version": "3.0.1",
      "resolved": "https://registry.npmjs.org/jsonfile/-/jsonfile-3.0.1.tgz",
      "integrity": "sha1-pezG9l9T9mLEQVx2daAzHQmS7GY=",
      "requires": {
        "graceful-fs": "4.1.11"
      }
    },
    "ms": {
      "version": "2.0.0",
      "resolved": "https://registry.npmjs.org/ms/-/ms-2.0.0.tgz",
      "integrity": "sha1-VgiurfwAvmwpAd9fmGF4jeDVl8g="
    },
    "pkginfo": {
      "version": "0.4.0",
      "resolved": "https://registry.npmjs.org/pkginfo/-/pkginfo-0.4.0.tgz",
      "integrity": "sha1-NJ27f/04CB/K3AhT32h/DHdEzWU="
    },
    "skill-build-tool-maven2-apprentice-dev": {
      "version": "github:andrewharmellaw/skill-build-tool-maven2-apprentice-dev#c1f3a9f658864b519ca492ddeef5cd76219a031d"
    },
    "skill-ci-jenkins2-apprentice-dev": {
      "version": "github:andrewharmellaw/skill-ci-jenkins2-apprentice-dev#882f566796ec19aaf03f2550364a13c0f610aca0"
    },
    "skill-design-patterns-apprentice-dev": {
      "version": "github:andrewharmellaw/skill-design-patterns-apprentice-dev#eeed73542c4d2d2f52710df5b1f48d524278a68c"
    },
    "skill-development-principles-apprentice-dev": {
      "version": "github:andrewharmellaw/skill-development-principles-apprentice-dev#08d70c9af144d6f07f3bda760e865790d27e4e82"
    },
    "skill-fwk-java-spring-apprentice-dev": {
      "version": "github:andrewharmellaw/skill-fwk-java-spring-apprentice-dev#1e4f64412f28385a092feea063d945d0ad0a4f53"
    },
    "skill-ide-intellij-idea-apprentice-dev": {
      "version": "github:andrewharmellaw/skill-ide-intellij-idea-apprentice-dev#62365f988ca29db705adf274b61d12af056b1ac3"
    },
    "skill-java8-apprentice-dev": {
      "version": "github:andrewharmellaw/skill-java8-apprentice-dev#7f4068ead0fa02e7890ecb838055249e5f310ac4"
    },
    "skill-networking-apprentice-dev": {
      "version": "github:andrewharmellaw/skill-networking-apprentice-dev#e7e7e6a52024c4db28f0887b14eb615d91026000"
    },
    "skill-ooad-apprentice-dev": {
      "version": "github:andrewharmellaw/skill-ooad-apprentice-dev#0d2aaa5599c8daed5d60ef3cba522cee05a60b37"
    },
    "skill-persistence-relational-mysql-apprentice-dev": {
      "version": "github:andrewharmellaw/skill-persistence-relational-mysql-apprentice-dev#8b05608d4ee91d2f33b5a420fa7f0c4b0389fe0c"
    },
    "skill-scm-distributed-git-apprentice": {
      "version": "github:andrewharmellaw/skill-scm-distributed-git-apprentice#bfaba8cb57b1404a47cdd045ef2c338309dc4d0b"
    },
    "skill-scrum-pig": {
      "version": "github:andrewharmellaw/skill-scrum-pig#36712202c47d3bb392f7234abec7768a6a6296a6"
    },
    "skill-security-cyber-apprentice-dev": {
      "version": "github:andrewharmellaw/skill-security-cyber-apprentice-dev#3c40251d4a1e3d8e1d93c702a2732d88ba30ab0f"
    },
    "skill-testing-junit5-apprentice-dev": {
      "version": "github:andrewharmellaw/skill-testing-junit5-apprentice-dev#91bf847a602868261f62bf52290707ac1349f32c"
    },
    "skill-unix-apprentice-user": {
      "version": "github:andrewharmellaw/skill-unix-apprentice-user#1010768310bb659de5d5e589efdb934963413803"
    },
    "skill-xp-apprentice-dev": {
      "version": "github:andrewharmellaw/skill-xp-apprentice-dev#b6466f257b810eeb8b1ede2f486131cf3a42b0ec"
    },
    "universalify": {
      "version": "0.1.1",
      "resolved": "https://registry.npmjs.org/universalify/-/universalify-0.1.1.tgz",
      "integrity": "sha1-+nG63UQ3r0wUiEHjs7Fl+enlkLc="
    }
  }
}
